// !$*UTF8*$!
{
	archiveVersion = 1;
	classes = {
	};
	objectVersion = 50;
	objects = {

/* Begin PBXBuildFile section */
		312AC10D227CDB6F00632986 /* AppDelegate.swift in Sources */ = {isa = PBXBuildFile; fileRef = 312AC10C227CDB6F00632986 /* AppDelegate.swift */; };
		312AC10F227CDB6F00632986 /* ViewController.swift in Sources */ = {isa = PBXBuildFile; fileRef = 312AC10E227CDB6F00632986 /* ViewController.swift */; };
		312AC112227CDB6F00632986 /* Main.storyboard in Resources */ = {isa = PBXBuildFile; fileRef = 312AC110227CDB6F00632986 /* Main.storyboard */; };
		312AC114227CDB7000632986 /* Assets.xcassets in Resources */ = {isa = PBXBuildFile; fileRef = 312AC113227CDB7000632986 /* Assets.xcassets */; };
		312AC117227CDB7000632986 /* LaunchScreen.storyboard in Resources */ = {isa = PBXBuildFile; fileRef = 312AC115227CDB7000632986 /* LaunchScreen.storyboard */; };
		312AC120227CDBBB00632986 /* SelectCardViewController.swift in Sources */ = {isa = PBXBuildFile; fileRef = 312AC11F227CDBBB00632986 /* SelectCardViewController.swift */; };
		312AC122227CDBDB00632986 /* PlayersCardsViewController.swift in Sources */ = {isa = PBXBuildFile; fileRef = 312AC121227CDBDB00632986 /* PlayersCardsViewController.swift */; };
		312AC127227CDDCE00632986 /* Suits.swift in Sources */ = {isa = PBXBuildFile; fileRef = 312AC126227CDDCE00632986 /* Suits.swift */; };
		312AC129227CDDEE00632986 /* Deck.swift in Sources */ = {isa = PBXBuildFile; fileRef = 312AC128227CDDEE00632986 /* Deck.swift */; };
		312AC12B227CDE0500632986 /* Card.swift in Sources */ = {isa = PBXBuildFile; fileRef = 312AC12A227CDE0500632986 /* Card.swift */; };
		312AC12E227CE5CB00632986 /* UIViewController Extensions.swift in Sources */ = {isa = PBXBuildFile; fileRef = 312AC12D227CE5CB00632986 /* UIViewController Extensions.swift */; };
		312AC131227DCB5200632986 /* CardCollectionViewCell.swift in Sources */ = {isa = PBXBuildFile; fileRef = 312AC130227DCB5200632986 /* CardCollectionViewCell.swift */; };
		312AC133227DD34700632986 /* Delegates.swift in Sources */ = {isa = PBXBuildFile; fileRef = 312AC132227DD34700632986 /* Delegates.swift */; };
		312AC138227E160C00632986 /* UIView Extensions.swift in Sources */ = {isa = PBXBuildFile; fileRef = 312AC137227E160C00632986 /* UIView Extensions.swift */; };
/* End PBXBuildFile section */

/* Begin PBXFileReference section */
		312AC109227CDB6F00632986 /* Card_Sample.app */ = {isa = PBXFileReference; explicitFileType = wrapper.application; includeInIndex = 0; path = Card_Sample.app; sourceTree = BUILT_PRODUCTS_DIR; };
		312AC10C227CDB6F00632986 /* AppDelegate.swift */ = {isa = PBXFileReference; lastKnownFileType = sourcecode.swift; path = AppDelegate.swift; sourceTree = "<group>"; };
		312AC10E227CDB6F00632986 /* ViewController.swift */ = {isa = PBXFileReference; lastKnownFileType = sourcecode.swift; path = ViewController.swift; sourceTree = "<group>"; };
		312AC111227CDB6F00632986 /* Base */ = {isa = PBXFileReference; lastKnownFileType = file.storyboard; name = Base; path = Base.lproj/Main.storyboard; sourceTree = "<group>"; };
		312AC113227CDB7000632986 /* Assets.xcassets */ = {isa = PBXFileReference; lastKnownFileType = folder.assetcatalog; path = Assets.xcassets; sourceTree = "<group>"; };
		312AC116227CDB7000632986 /* Base */ = {isa = PBXFileReference; lastKnownFileType = file.storyboard; name = Base; path = Base.lproj/LaunchScreen.storyboard; sourceTree = "<group>"; };
		312AC118227CDB7000632986 /* Info.plist */ = {isa = PBXFileReference; lastKnownFileType = text.plist.xml; path = Info.plist; sourceTree = "<group>"; };
		312AC11F227CDBBB00632986 /* SelectCardViewController.swift */ = {isa = PBXFileReference; lastKnownFileType = sourcecode.swift; path = SelectCardViewController.swift; sourceTree = "<group>"; };
		312AC121227CDBDB00632986 /* PlayersCardsViewController.swift */ = {isa = PBXFileReference; lastKnownFileType = sourcecode.swift; path = PlayersCardsViewController.swift; sourceTree = "<group>"; };
		312AC126227CDDCE00632986 /* Suits.swift */ = {isa = PBXFileReference; lastKnownFileType = sourcecode.swift; path = Suits.swift; sourceTree = "<group>"; };
		312AC128227CDDEE00632986 /* Deck.swift */ = {isa = PBXFileReference; lastKnownFileType = sourcecode.swift; path = Deck.swift; sourceTree = "<group>"; };
		312AC12A227CDE0500632986 /* Card.swift */ = {isa = PBXFileReference; lastKnownFileType = sourcecode.swift; path = Card.swift; sourceTree = "<group>"; };
		312AC12D227CE5CB00632986 /* UIViewController Extensions.swift */ = {isa = PBXFileReference; lastKnownFileType = sourcecode.swift; path = "UIViewController Extensions.swift"; sourceTree = "<group>"; };
		312AC130227DCB5200632986 /* CardCollectionViewCell.swift */ = {isa = PBXFileReference; lastKnownFileType = sourcecode.swift; path = CardCollectionViewCell.swift; sourceTree = "<group>"; };
		312AC132227DD34700632986 /* Delegates.swift */ = {isa = PBXFileReference; lastKnownFileType = sourcecode.swift; path = Delegates.swift; sourceTree = "<group>"; };
		312AC137227E160C00632986 /* UIView Extensions.swift */ = {isa = PBXFileReference; lastKnownFileType = sourcecode.swift; path = "UIView Extensions.swift"; sourceTree = "<group>"; };
/* End PBXFileReference section */

/* Begin PBXFrameworksBuildPhase section */
		312AC106227CDB6E00632986 /* Frameworks */ = {
			isa = PBXFrameworksBuildPhase;
			buildActionMask = 2147483647;
			files = (
			);
			runOnlyForDeploymentPostprocessing = 0;
		};
/* End PBXFrameworksBuildPhase section */

/* Begin PBXGroup section */
		312AC100227CDB6E00632986 = {
			isa = PBXGroup;
			children = (
				312AC10B227CDB6F00632986 /* Card_Sample */,
				312AC10A227CDB6F00632986 /* Products */,
			);
			sourceTree = "<group>";
		};
		312AC10A227CDB6F00632986 /* Products */ = {
			isa = PBXGroup;
			children = (
				312AC109227CDB6F00632986 /* Card_Sample.app */,
			);
			name = Products;
			sourceTree = "<group>";
		};
		312AC10B227CDB6F00632986 /* Card_Sample */ = {
			isa = PBXGroup;
			children = (
				312AC134227DDEBF00632986 /* Resources */,
				312AC12C227CE51D00632986 /* Extensions */,
				312AC123227CDBE800632986 /* Data Classes */,
				312AC11E227CDBA000632986 /* View Controllers */,
				312AC12F227DCB3F00632986 /* Cells */,
				312AC10C227CDB6F00632986 /* AppDelegate.swift */,
				312AC10E227CDB6F00632986 /* ViewController.swift */,
				312AC110227CDB6F00632986 /* Main.storyboard */,
				312AC113227CDB7000632986 /* Assets.xcassets */,
				312AC115227CDB7000632986 /* LaunchScreen.storyboard */,
				312AC118227CDB7000632986 /* Info.plist */,
			);
			path = Card_Sample;
			sourceTree = "<group>";
		};
		312AC11E227CDBA000632986 /* View Controllers */ = {
			isa = PBXGroup;
			children = (
				312AC121227CDBDB00632986 /* PlayersCardsViewController.swift */,
				312AC11F227CDBBB00632986 /* SelectCardViewController.swift */,
			);
			path = "View Controllers";
			sourceTree = "<group>";
		};
		312AC123227CDBE800632986 /* Data Classes */ = {
			isa = PBXGroup;
			children = (
				312AC126227CDDCE00632986 /* Suits.swift */,
				312AC128227CDDEE00632986 /* Deck.swift */,
				312AC12A227CDE0500632986 /* Card.swift */,
				312AC132227DD34700632986 /* Delegates.swift */,
			);
			path = "Data Classes";
			sourceTree = "<group>";
		};
		312AC12C227CE51D00632986 /* Extensions */ = {
			isa = PBXGroup;
			children = (
				312AC12D227CE5CB00632986 /* UIViewController Extensions.swift */,
				312AC137227E160C00632986 /* UIView Extensions.swift */,
			);
			path = Extensions;
			sourceTree = "<group>";
		};
		312AC12F227DCB3F00632986 /* Cells */ = {
			isa = PBXGroup;
			children = (
				312AC130227DCB5200632986 /* CardCollectionViewCell.swift */,
			);
			path = Cells;
			sourceTree = "<group>";
		};
		312AC134227DDEBF00632986 /* Resources */ = {
			isa = PBXGroup;
			children = (
			);
			path = Resources;
			sourceTree = "<group>";
		};
/* End PBXGroup section */

/* Begin PBXNativeTarget section */
		312AC108227CDB6E00632986 /* Card_Sample */ = {
			isa = PBXNativeTarget;
			buildConfigurationList = 312AC11B227CDB7000632986 /* Build configuration list for PBXNativeTarget "Card_Sample" */;
			buildPhases = (
				312AC105227CDB6E00632986 /* Sources */,
				312AC106227CDB6E00632986 /* Frameworks */,
				312AC107227CDB6E00632986 /* Resources */,
			);
			buildRules = (
			);
			dependencies = (
			);
			name = Card_Sample;
			productName = Card_Sample;
			productReference = 312AC109227CDB6F00632986 /* Card_Sample.app */;
			productType = "com.apple.product-type.application";
		};
/* End PBXNativeTarget section */

/* Begin PBXProject section */
		312AC101227CDB6E00632986 /* Project object */ = {
			isa = PBXProject;
			attributes = {
				LastSwiftUpdateCheck = 1020;
				LastUpgradeCheck = 1020;
				ORGANIZATIONNAME = "Ryan Sady";
				TargetAttributes = {
					312AC108227CDB6E00632986 = {
						CreatedOnToolsVersion = 10.2.1;
					};
				};
			};
			buildConfigurationList = 312AC104227CDB6E00632986 /* Build configuration list for PBXProject "Card_Sample" */;
			compatibilityVersion = "Xcode 9.3";
			developmentRegion = en;
			hasScannedForEncodings = 0;
			knownRegions = (
				en,
				Base,
			);
			mainGroup = 312AC100227CDB6E00632986;
			productRefGroup = 312AC10A227CDB6F00632986 /* Products */;
			projectDirPath = "";
			projectRoot = "";
			targets = (
				312AC108227CDB6E00632986 /* Card_Sample */,
			);
		};
/* End PBXProject section */

/* Begin PBXResourcesBuildPhase section */
		312AC107227CDB6E00632986 /* Resources */ = {
			isa = PBXResourcesBuildPhase;
			buildActionMask = 2147483647;
			files = (
				312AC117227CDB7000632986 /* LaunchScreen.storyboard in Resources */,
				312AC114227CDB7000632986 /* Assets.xcassets in Resources */,
				312AC112227CDB6F00632986 /* Main.storyboard in Resources */,
			);
			runOnlyForDeploymentPostprocessing = 0;
		};
/* End PBXResourcesBuildPhase section */

/* Begin PBXSourcesBuildPhase section */
		312AC105227CDB6E00632986 /* Sources */ = {
			isa = PBXSourcesBuildPhase;
			buildActionMask = 2147483647;
			files = (
				312AC129227CDDEE00632986 /* Deck.swift in Sources */,
				312AC127227CDDCE00632986 /* Suits.swift in Sources */,
				312AC10F227CDB6F00632986 /* ViewController.swift in Sources */,
				312AC12E227CE5CB00632986 /* UIViewController Extensions.swift in Sources */,
				312AC10D227CDB6F00632986 /* AppDelegate.swift in Sources */,
				312AC122227CDBDB00632986 /* PlayersCardsViewController.swift in Sources */,
				312AC138227E160C00632986 /* UIView Extensions.swift in Sources */,
				312AC133227DD34700632986 /* Delegates.swift in Sources */,
				312AC120227CDBBB00632986 /* SelectCardViewController.swift in Sources */,
				312AC131227DCB5200632986 /* CardCollectionViewCell.swift in Sources */,
				312AC12B227CDE0500632986 /* Card.swift in Sources */,
			);
			runOnlyForDeploymentPostprocessing = 0;
		};
/* End PBXSourcesBuildPhase section */

/* Begin PBXVariantGroup section */
		312AC110227CDB6F00632986 /* Main.storyboard */ = {
			isa = PBXVariantGroup;
			children = (
				312AC111227CDB6F00632986 /* Base */,
			);
			name = Main.storyboard;
			sourceTree = "<group>";
		};
		312AC115227CDB7000632986 /* LaunchScreen.storyboard */ = {
			isa = PBXVariantGroup;
			children = (
				312AC116227CDB7000632986 /* Base */,
			);
			name = LaunchScreen.storyboard;
			sourceTree = "<group>";
		};
/* End PBXVariantGroup section */

/* Begin XCBuildConfiguration section */
		312AC119227CDB7000632986 /* Debug */ = {
			isa = XCBuildConfiguration;
			buildSettings = {
				ALWAYS_SEARCH_USER_PATHS = NO;
				CLANG_ANALYZER_NONNULL = YES;
				CLANG_ANALYZER_NUMBER_OBJECT_CONVERSION = YES_AGGRESSIVE;
				CLANG_CXX_LANGUAGE_STANDARD = "gnu++14";
				CLANG_CXX_LIBRARY = "libc++";
				CLANG_ENABLE_MODULES = YES;
				CLANG_ENABLE_OBJC_ARC = YES;
				CLANG_ENABLE_OBJC_WEAK = YES;
				CLANG_WARN_BLOCK_CAPTURE_AUTORELEASING = YES;
				CLANG_WARN_BOOL_CONVERSION = YES;
				CLANG_WARN_COMMA = YES;
				CLANG_WARN_CONSTANT_CONVERSION = YES;
				CLANG_WARN_DEPRECATED_OBJC_IMPLEMENTATIONS = YES;
				CLANG_WARN_DIRECT_OBJC_ISA_USAGE = YES_ERROR;
				CLANG_WARN_DOCUMENTATION_COMMENTS = YES;
				CLANG_WARN_EMPTY_BODY = YES;
				CLANG_WARN_ENUM_CONVERSION = YES;
				CLANG_WARN_INFINITE_RECURSION = YES;
				CLANG_WARN_INT_CONVERSION = YES;
				CLANG_WARN_NON_LITERAL_NULL_CONVERSION = YES;
				CLANG_WARN_OBJC_IMPLICIT_RETAIN_SELF = YES;
				CLANG_WARN_OBJC_LITERAL_CONVERSION = YES;
				CLANG_WARN_OBJC_ROOT_CLASS = YES_ERROR;
				CLANG_WARN_RANGE_LOOP_ANALYSIS = YES;
				CLANG_WARN_STRICT_PROTOTYPES = YES;
				CLANG_WARN_SUSPICIOUS_MOVE = YES;
				CLANG_WARN_UNGUARDED_AVAILABILITY = YES_AGGRESSIVE;
				CLANG_WARN_UNREACHABLE_CODE = YES;
				CLANG_WARN__DUPLICATE_METHOD_MATCH = YES;
				CODE_SIGN_IDENTITY = "iPhone Developer";
				COPY_PHASE_STRIP = NO;
				DEBUG_INFORMATION_FORMAT = dwarf;
				ENABLE_STRICT_OBJC_MSGSEND = YES;
				ENABLE_TESTABILITY = YES;
				GCC_C_LANGUAGE_STANDARD = gnu11;
				GCC_DYNAMIC_NO_PIC = NO;
				GCC_NO_COMMON_BLOCKS = YES;
				GCC_OPTIMIZATION_LEVEL = 0;
				GCC_PREPROCESSOR_DEFINITIONS = (
					"DEBUG=1",
					"$(inherited)",
				);
				GCC_WARN_64_TO_32_BIT_CONVERSION = YES;
				GCC_WARN_ABOUT_RETURN_TYPE = YES_ERROR;
				GCC_WARN_UNDECLARED_SELECTOR = YES;
				GCC_WARN_UNINITIALIZED_AUTOS = YES_AGGRESSIVE;
				GCC_WARN_UNUSED_FUNCTION = YES;
				GCC_WARN_UNUSED_VARIABLE = YES;
				IPHONEOS_DEPLOYMENT_TARGET = 12.2;
				MTL_ENABLE_DEBUG_INFO = INCLUDE_SOURCE;
				MTL_FAST_MATH = YES;
				ONLY_ACTIVE_ARCH = YES;
				SDKROOT = iphoneos;
				SWIFT_ACTIVE_COMPILATION_CONDITIONS = DEBUG;
				SWIFT_OPTIMIZATION_LEVEL = "-Onone";
			};
			name = Debug;
		};
		312AC11A227CDB7000632986 /* Release */ = {
			isa = XCBuildConfiguration;
			buildSettings = {
				ALWAYS_SEARCH_USER_PATHS = NO;
				CLANG_ANALYZER_NONNULL = YES;
				CLANG_ANALYZER_NUMBER_OBJECT_CONVERSION = YES_AGGRESSIVE;
				CLANG_CXX_LANGUAGE_STANDARD = "gnu++14";
				CLANG_CXX_LIBRARY = "libc++";
				CLANG_ENABLE_MODULES = YES;
				CLANG_ENABLE_OBJC_ARC = YES;
				CLANG_ENABLE_OBJC_WEAK = YES;
				CLANG_WARN_BLOCK_CAPTURE_AUTORELEASING = YES;
				CLANG_WARN_BOOL_CONVERSION = YES;
				CLANG_WARN_COMMA = YES;
				CLANG_WARN_CONSTANT_CONVERSION = YES;
				CLANG_WARN_DEPRECATED_OBJC_IMPLEMENTATIONS = YES;
				CLANG_WARN_DIRECT_OBJC_ISA_USAGE = YES_ERROR;
				CLANG_WARN_DOCUMENTATION_COMMENTS = YES;
				CLANG_WARN_EMPTY_BODY = YES;
				CLANG_WARN_ENUM_CONVERSION = YES;
				CLANG_WARN_INFINITE_RECURSION = YES;
				CLANG_WARN_INT_CONVERSION = YES;
				CLANG_WARN_NON_LITERAL_NULL_CONVERSION = YES;
				CLANG_WARN_OBJC_IMPLICIT_RETAIN_SELF = YES;
				CLANG_WARN_OBJC_LITERAL_CONVERSION = YES;
				CLANG_WARN_OBJC_ROOT_CLASS = YES_ERROR;
				CLANG_WARN_RANGE_LOOP_ANALYSIS = YES;
				CLANG_WARN_STRICT_PROTOTYPES = YES;
				CLANG_WARN_SUSPICIOUS_MOVE = YES;
				CLANG_WARN_UNGUARDED_AVAILABILITY = YES_AGGRESSIVE;
				CLANG_WARN_UNREACHABLE_CODE = YES;
				CLANG_WARN__DUPLICATE_METHOD_MATCH = YES;
				CODE_SIGN_IDENTITY = "iPhone Developer";
				COPY_PHASE_STRIP = NO;
				DEBUG_INFORMATION_FORMAT = "dwarf-with-dsym";
				ENABLE_NS_ASSERTIONS = NO;
				ENABLE_STRICT_OBJC_MSGSEND = YES;
				GCC_C_LANGUAGE_STANDARD = gnu11;
				GCC_NO_COMMON_BLOCKS = YES;
				GCC_WARN_64_TO_32_BIT_CONVERSION = YES;
				GCC_WARN_ABOUT_RETURN_TYPE = YES_ERROR;
				GCC_WARN_UNDECLARED_SELECTOR = YES;
				GCC_WARN_UNINITIALIZED_AUTOS = YES_AGGRESSIVE;
				GCC_WARN_UNUSED_FUNCTION = YES;
				GCC_WARN_UNUSED_VARIABLE = YES;
				IPHONEOS_DEPLOYMENT_TARGET = 12.2;
				MTL_ENABLE_DEBUG_INFO = NO;
				MTL_FAST_MATH = YES;
				SDKROOT = iphoneos;
				SWIFT_COMPILATION_MODE = wholemodule;
				SWIFT_OPTIMIZATION_LEVEL = "-O";
				VALIDATE_PRODUCT = YES;
			};
			name = Release;
		};
		312AC11C227CDB7000632986 /* Debug */ = {
			isa = XCBuildConfiguration;
			buildSettings = {
				ASSETCATALOG_COMPILER_APPICON_NAME = AppIcon;
				CODE_SIGN_STYLE = Automatic;
				DEVELOPMENT_TEAM = 754ADC4875;
				INFOPLIST_FILE = Card_Sample/Info.plist;
				IPHONEOS_DEPLOYMENT_TARGET = 11.0;
				LD_RUNPATH_SEARCH_PATHS = (
					"$(inherited)",
					"@executable_path/Frameworks",
				);
				PRODUCT_BUNDLE_IDENTIFIER = "com.szadydesigns.Card-Sample";
				PRODUCT_NAME = "$(TARGET_NAME)";
				SWIFT_VERSION = 5.0;
				TARGETED_DEVICE_FAMILY = "1,2";
			};
			name = Debug;
		};
		312AC11D227CDB7000632986 /* Release */ = {
			isa = XCBuildConfiguration;
			buildSettings = {
				ASSETCATALOG_COMPILER_APPICON_NAME = AppIcon;
				CODE_SIGN_STYLE = Automatic;
				DEVELOPMENT_TEAM = 754ADC4875;
				INFOPLIST_FILE = Card_Sample/Info.plist;
				IPHONEOS_DEPLOYMENT_TARGET = 11.0;
				LD_RUNPATH_SEARCH_PATHS = (
					"$(inherited)",
					"@executable_path/Frameworks",
				);
				PRODUCT_BUNDLE_IDENTIFIER = "com.szadydesigns.Card-Sample";
				PRODUCT_NAME = "$(TARGET_NAME)";
				SWIFT_VERSION = 5.0;
				TARGETED_DEVICE_FAMILY = "1,2";
			};
			name = Release;
		};
/* End XCBuildConfiguration section */

/* Begin XCConfigurationList section */
		312AC104227CDB6E00632986 /* Build configuration list for PBXProject "Card_Sample" */ = {
			isa = XCConfigurationList;
			buildConfigurations = (
				312AC119227CDB7000632986 /* Debug */,
				312AC11A227CDB7000632986 /* Release */,
			);
			defaultConfigurationIsVisible = 0;
			defaultConfigurationName = Release;
		};
		312AC11B227CDB7000632986 /* Build configuration list for PBXNativeTarget "Card_Sample" */ = {
			isa = XCConfigurationList;
			buildConfigurations = (
				312AC11C227CDB7000632986 /* Debug */,
				312AC11D227CDB7000632986 /* Release */,
			);
			defaultConfigurationIsVisible = 0;
			defaultConfigurationName = Release;
		};
/* End XCConfigurationList section */
	};
	rootObject = 312AC101227CDB6E00632986 /* Project object */;
}
